<?xml version="1.0" encoding="UTF-8"?>
<Scheme
   LastUpgradeVersion = "0830"
   version = "1.3">
   <BuildAction
      parallelizeBuildables = "YES"
      buildImplicitDependencies = "YES">
      <BuildActionEntries>
         <BuildActionEntry
            buildForTesting = "YES"
            buildForRunning = "YES"
            buildForProfiling = "YES"
            buildForArchiving = "YES"
            buildForAnalyzing = "YES">
            <BuildableReference
               BuildableIdentifier = "primary"
               BlueprintIdentifier = "2E616BE31EBB13C6004E8E3B"
               BuildableName = "JEasyNetWorkDemo.app"
               BlueprintName = "JEasyNetWorkDemo"
               ReferencedContainer = "container:JEasyNetWorkDemo.xcodeproj">
            </BuildableReference>
         </BuildActionEntry>
      </BuildActionEntries>
   </BuildAction>
   <TestAction
      buildConfiguration = "Debug"
      selectedDebuggerIdentifier = "Xcode.DebuggerFoundation.Debugger.LLDB"
      selectedLauncherIdentifier = "Xcode.DebuggerFoundation.Launcher.LLDB"
      shouldUseLaunchSchemeArgsEnv = "YES">
      <Testables>
         <TestableReference
            skipped = "NO">
            <BuildableReference
               BuildableIdentifier = "primary"
               BlueprintIdentifier = "2E616BFC1EBB13C7004E8E3B"
               BuildableName = "JEasyNetWorkDemoTests.xctest"
               BlueprintName = "JEasyNetWorkDemoTests"
               ReferencedContainer = "container:JEasyNetWorkDemo.xcodeproj">
            </BuildableReference>
         </TestableReference>
         <TestableReference
            skipped = "NO">
            <BuildableReference
               BuildableIdentifier = "primary"
               BlueprintIdentifier = "2E616C071EBB13C7004E8E3B"
               BuildableName = "JEasyNetWorkDemoUITests.xctest"
               BlueprintName = "JEasyNetWorkDemoUITests"
               ReferencedContainer = "container:JEasyNetWorkDemo.xcodeproj">
            </BuildableReference>
         </TestableReference>
      </Testables>
      <MacroExpansion>
         <BuildableReference
            BuildableIdentifier = "primary"
            BlueprintIdentifier = "2E616BE31EBB13C6004E8E3B"
            BuildableName = "JEasyNetWorkDemo.app"
            BlueprintName = "JEasyNetWorkDemo"
            ReferencedContainer = "container:JEasyNetWorkDemo.xcodeproj">
         </BuildableReference>
      </MacroExpansion>
      <AdditionalOptions>
      </AdditionalOptions>
   </TestAction>
   <LaunchAction
      buildConfiguration = "Debug"
      selectedDebuggerIdentifier = "Xcode.DebuggerFoundation.Debugger.LLDB"
      selectedLauncherIdentifier = "Xcode.DebuggerFoundation.Launcher.LLDB"
      launchStyle = "0"
      useCustomWorkingDirectory = "NO"
      ignoresPersistentStateOnLaunch = "NO"
      debugDocumentVersioning = "YES"
      debugServiceExtension = "internal"
      allowLocationSimulation = "YES">
      <BuildableProductRunnable
         runnableDebuggingMode = "0">
         <BuildableReference
            BuildableIdentifier = "primary"
            BlueprintIdentifier = "2E616BE31EBB13C6004E8E3B"
            BuildableName = "JEasyNetWorkDemo.app"
            BlueprintName = "JEasyNetWorkDemo"
            ReferencedContainer = "container:JEasyNetWorkDemo.xcodeproj">
         </BuildableReference>
      </BuildableProductRunnable>
      <AdditionalOptions>
      </AdditionalOptions>
   </LaunchAction>
   <ProfileAction
      buildConfiguration = "Release"
      shouldUseLaunchSchemeArgsEnv = "YES"
      savedToolIdentifier = ""
      useCustomWorkingDirectory = "NO"
      debugDocumentVersioning = "YES">
      <BuildableProductRunnable
         runnableDebuggingMode = "0">
         <BuildableReference
            BuildableIdentifier = "primary"
            BlueprintIdentifier = "2E616BE31EBB13C6004E8E3B"
            BuildableName = "JEasyNetWorkDemo.app"
            BlueprintName = "JEasyNetWorkDemo"
            ReferencedContainer = "container:JEasyNetWorkDemo.xcodeproj">
         </BuildableReference>
      </BuildableProductRunnable>
   </ProfileAction>
   <AnalyzeAction
      buildConfiguration = "Debug">
   </AnalyzeAction>
   <ArchiveAction
      buildConfiguration = "Release"
      revealArchiveInOrganizer = "YES">
   </ArchiveAction>
</Scheme>
